
Microsoft Visual Studio Solution File, Format Version 12.00
# Visual Studio 15
VisualStudioVersion = 15.0.27703.2042
MinimumVisualStudioVersion = 10.0.40219.1
Project("{FAE04EC0-301F-11D3-BF4B-00C04F79EFBC}") = "Sales.Android", "Sales\Sales.Android\Sales.Android.csproj", "{E076D8D4-B4FC-44FB-8919-F6E98F7165FC}"
EndProject
Project("{FAE04EC0-301F-11D3-BF4B-00C04F79EFBC}") = "Sales.iOS", "Sales\Sales.iOS\Sales.iOS.csproj", "{D7DFC992-670C-42D8-B531-7FEFF43535A5}"
EndProject
Project("{FAE04EC0-301F-11D3-BF4B-00C04F79EFBC}") = "Sales", "Sales\Sales\Sales.csproj", "{97C352C2-8CE1-4E7D-8CFF-9FFFBAE71093}"
EndProject
Project("{FAE04EC0-301F-11D3-BF4B-00C04F79EFBC}") = "Sales.Backend", "Sales.Backend\Sales.Backend.csproj", "{B9B2A450-5B0F-4B2F-B0A1-F4E7B8824990}"
EndProject
Project("{FAE04EC0-301F-11D3-BF4B-00C04F79EFBC}") = "Sales.API", "Sales.API\Sales.API.csproj", "{15316FD7-7009-49A4-9DA8-ECFA22E3669D}"
EndProject
Project("{FAE04EC0-301F-11D3-BF4B-00C04F79EFBC}") = "Sales.Domain", "Sales.Domain\Sales.Domain.csproj", "{2DD1D16F-B555-4DD2-B2B0-9B92A9E3EEC1}"
EndProject
Project("{FAE04EC0-301F-11D3-BF4B-00C04F79EFBC}") = "Sales.Common", "Sales.Common\Sales.Common.csproj", "{27A4E5CF-CD7D-49E2-B733-FB35AA96CEF3}"
EndProject
Global
	GlobalSection(SolutionConfigurationPlatforms) = preSolution
		Ad-Hoc|Any CPU = Ad-Hoc|Any CPU
		Ad-Hoc|iPhone = Ad-Hoc|iPhone
		Ad-Hoc|iPhoneSimulator = Ad-Hoc|iPhoneSimulator
		AppStore|Any CPU = AppStore|Any CPU
		AppStore|iPhone = AppStore|iPhone
		AppStore|iPhoneSimulator = AppStore|iPhoneSimulator
		Debug|Any CPU = Debug|Any CPU
		Debug|iPhone = Debug|iPhone
		Debug|iPhoneSimulator = Debug|iPhoneSimulator
		Release|Any CPU = Release|Any CPU
		Release|iPhone = Release|iPhone
		Release|iPhoneSimulator = Release|iPhoneSimulator
	EndGlobalSection
	GlobalSection(ProjectConfigurationPlatforms) = postSolution
		{E076D8D4-B4FC-44FB-8919-F6E98F7165FC}.Ad-Hoc|Any CPU.ActiveCfg = Release|Any CPU
		{E076D8D4-B4FC-44FB-8919-F6E98F7165FC}.Ad-Hoc|Any CPU.Build.0 = Release|Any CPU
		{E076D8D4-B4FC-44FB-8919-F6E98F7165FC}.Ad-Hoc|Any CPU.Deploy.0 = Release|Any CPU
		{E076D8D4-B4FC-44FB-8919-F6E98F7165FC}.Ad-Hoc|iPhone.ActiveCfg = Release|Any CPU
		{E076D8D4-B4FC-44FB-8919-F6E98F7165FC}.Ad-Hoc|iPhone.Build.0 = Release|Any CPU
		{E076D8D4-B4FC-44FB-8919-F6E98F7165FC}.Ad-Hoc|iPhone.Deploy.0 = Release|Any CPU
		{E076D8D4-B4FC-44FB-8919-F6E98F7165FC}.Ad-Hoc|iPhoneSimulator.ActiveCfg = Release|Any CPU
		{E076D8D4-B4FC-44FB-8919-F6E98F7165FC}.Ad-Hoc|iPhoneSimulator.Build.0 = Release|Any CPU
		{E076D8D4-B4FC-44FB-8919-F6E98F7165FC}.Ad-Hoc|iPhoneSimulator.Deploy.0 = Release|Any CPU
		{E076D8D4-B4FC-44FB-8919-F6E98F7165FC}.AppStore|Any CPU.ActiveCfg = Release|Any CPU
		{E076D8D4-B4FC-44FB-8919-F6E98F7165FC}.AppStore|Any CPU.Build.0 = Release|Any CPU
		{E076D8D4-B4FC-44FB-8919-F6E98F7165FC}.AppStore|Any CPU.Deploy.0 = Release|Any CPU
		{E076D8D4-B4FC-44FB-8919-F6E98F7165FC}.AppStore|iPhone.ActiveCfg = Release|Any CPU
		{E076D8D4-B4FC-44FB-8919-F6E98F7165FC}.AppStore|iPhone.Build.0 = Release|Any CPU
		{E076D8D4-B4FC-44FB-8919-F6E98F7165FC}.AppStore|iPhone.Deploy.0 = Release|Any CPU
		{E076D8D4-B4FC-44FB-8919-F6E98F7165FC}.AppStore|iPhoneSimulator.ActiveCfg = Release|Any CPU
		{E076D8D4-B4FC-44FB-8919-F6E98F7165FC}.AppStore|iPhoneSimulator.Build.0 = Release|Any CPU
		{E076D8D4-B4FC-44FB-8919-F6E98F7165FC}.AppStore|iPhoneSimulator.Deploy.0 = Release|Any CPU
		{E076D8D4-B4FC-44FB-8919-F6E98F7165FC}.Debug|Any CPU.ActiveCfg = Debug|Any CPU
		{E076D8D4-B4FC-44FB-8919-F6E98F7165FC}.Debug|Any CPU.Build.0 = Debug|Any CPU
		{E076D8D4-B4FC-44FB-8919-F6E98F7165FC}.Debug|Any CPU.Deploy.0 = Debug|Any CPU
		{E076D8D4-B4FC-44FB-8919-F6E98F7165FC}.Debug|iPhone.ActiveCfg = Debug|Any CPU
		{E076D8D4-B4FC-44FB-8919-F6E98F7165FC}.Debug|iPhone.Build.0 = Debug|Any CPU
		{E076D8D4-B4FC-44FB-8919-F6E98F7165FC}.Debug|iPhone.Deploy.0 = Debug|Any CPU
		{E076D8D4-B4FC-44FB-8919-F6E98F7165FC}.Debug|iPhoneSimulator.ActiveCfg = Debug|Any CPU
		{E076D8D4-B4FC-44FB-8919-F6E98F7165FC}.Debug|iPhoneSimulator.Build.0 = Debug|Any CPU
		{E076D8D4-B4FC-44FB-8919-F6E98F7165FC}.Debug|iPhoneSimulator.Deploy.0 = Debug|Any CPU
		{E076D8D4-B4FC-44FB-8919-F6E98F7165FC}.Release|Any CPU.ActiveCfg = Release|Any CPU
		{E076D8D4-B4FC-44FB-8919-F6E98F7165FC}.Release|Any CPU.Build.0 = Release|Any CPU
		{E076D8D4-B4FC-44FB-8919-F6E98F7165FC}.Release|Any CPU.Deploy.0 = Release|Any CPU
		{E076D8D4-B4FC-44FB-8919-F6E98F7165FC}.Release|iPhone.ActiveCfg = Release|Any CPU
		{E076D8D4-B4FC-44FB-8919-F6E98F7165FC}.Release|iPhone.Build.0 = Release|Any CPU
		{E076D8D4-B4FC-44FB-8919-F6E98F7165FC}.Release|iPhone.Deploy.0 = Release|Any CPU
		{E076D8D4-B4FC-44FB-8919-F6E98F7165FC}.Release|iPhoneSimulator.ActiveCfg = Release|Any CPU
		{E076D8D4-B4FC-44FB-8919-F6E98F7165FC}.Release|iPhoneSimulator.Build.0 = Release|Any CPU
		{E076D8D4-B4FC-44FB-8919-F6E98F7165FC}.Release|iPhoneSimulator.Deploy.0 = Release|Any CPU
		{D7DFC992-670C-42D8-B531-7FEFF43535A5}.Ad-Hoc|Any CPU.ActiveCfg = Ad-Hoc|iPhone
		{D7DFC992-670C-42D8-B531-7FEFF43535A5}.Ad-Hoc|Any CPU.Build.0 = Ad-Hoc|iPhone
		{D7DFC992-670C-42D8-B531-7FEFF43535A5}.Ad-Hoc|Any CPU.Deploy.0 = Ad-Hoc|iPhone
		{D7DFC992-670C-42D8-B531-7FEFF43535A5}.Ad-Hoc|iPhone.ActiveCfg = Ad-Hoc|iPhone
		{D7DFC992-670C-42D8-B531-7FEFF43535A5}.Ad-Hoc|iPhone.Build.0 = Ad-Hoc|iPhone
		{D7DFC992-670C-42D8-B531-7FEFF43535A5}.Ad-Hoc|iPhone.Deploy.0 = Ad-Hoc|iPhone
		{D7DFC992-670C-42D8-B531-7FEFF43535A5}.Ad-Hoc|iPhoneSimulator.ActiveCfg = Ad-Hoc|iPhoneSimulator
		{D7DFC992-670C-42D8-B531-7FEFF43535A5}.Ad-Hoc|iPhoneSimulator.Build.0 = Ad-Hoc|iPhoneSimulator
		{D7DFC992-670C-42D8-B531-7FEFF43535A5}.Ad-Hoc|iPhoneSimulator.Deploy.0 = Ad-Hoc|iPhoneSimulator
		{D7DFC992-670C-42D8-B531-7FEFF43535A5}.AppStore|Any CPU.ActiveCfg = AppStore|iPhone
		{D7DFC992-670C-42D8-B531-7FEFF43535A5}.AppStore|Any CPU.Build.0 = AppStore|iPhone
		{D7DFC992-670C-42D8-B531-7FEFF43535A5}.AppStore|Any CPU.Deploy.0 = AppStore|iPhone
		{D7DFC992-670C-42D8-B531-7FEFF43535A5}.AppStore|iPhone.ActiveCfg = AppStore|iPhone
		{D7DFC992-670C-42D8-B531-7FEFF43535A5}.AppStore|iPhone.Build.0 = AppStore|iPhone
		{D7DFC992-670C-42D8-B531-7FEFF43535A5}.AppStore|iPhone.Deploy.0 = AppStore|iPhone
		{D7DFC992-670C-42D8-B531-7FEFF43535A5}.AppStore|iPhoneSimulator.ActiveCfg = AppStore|iPhoneSimulator
		{D7DFC992-670C-42D8-B531-7FEFF43535A5}.AppStore|iPhoneSimulator.Build.0 = AppStore|iPhoneSimulator
		{D7DFC992-670C-42D8-B531-7FEFF43535A5}.AppStore|iPhoneSimulator.Deploy.0 = AppStore|iPhoneSimulator
		{D7DFC992-670C-42D8-B531-7FEFF43535A5}.Debug|Any CPU.ActiveCfg = Debug|iPhoneSimulator
		{D7DFC992-670C-42D8-B531-7FEFF43535A5}.Debug|Any CPU.Build.0 = Debug|iPhoneSimulator
		{D7DFC992-670C-42D8-B531-7FEFF43535A5}.Debug|Any CPU.Deploy.0 = Debug|iPhoneSimulator
		{D7DFC992-670C-42D8-B531-7FEFF43535A5}.Debug|iPhone.ActiveCfg = Debug|iPhone
		{D7DFC992-670C-42D8-B531-7FEFF43535A5}.Debug|iPhone.Build.0 = Debug|iPhone
		{D7DFC992-670C-42D8-B531-7FEFF43535A5}.Debug|iPhone.Deploy.0 = Debug|iPhone
		{D7DFC992-670C-42D8-B531-7FEFF43535A5}.Debug|iPhoneSimulator.ActiveCfg = Debug|iPhoneSimulator
		{D7DFC992-670C-42D8-B531-7FEFF43535A5}.Debug|iPhoneSimulator.Build.0 = Debug|iPhoneSimulator
		{D7DFC992-670C-42D8-B531-7FEFF43535A5}.Debug|iPhoneSimulator.Deploy.0 = Debug|iPhoneSimulator
		{D7DFC992-670C-42D8-B531-7FEFF43535A5}.Release|Any CPU.ActiveCfg = Release|iPhone
		{D7DFC992-670C-42D8-B531-7FEFF43535A5}.Release|Any CPU.Build.0 = Release|iPhone
		{D7DFC992-670C-42D8-B531-7FEFF43535A5}.Release|Any CPU.Deploy.0 = Release|iPhone
		{D7DFC992-670C-42D8-B531-7FEFF43535A5}.Release|iPhone.ActiveCfg = Release|iPhone
		{D7DFC992-670C-42D8-B531-7FEFF43535A5}.Release|iPhone.Build.0 = Release|iPhone
		{D7DFC992-670C-42D8-B531-7FEFF43535A5}.Release|iPhone.Deploy.0 = Release|iPhone
		{D7DFC992-670C-42D8-B531-7FEFF43535A5}.Release|iPhoneSimulator.ActiveCfg = Release|iPhoneSimulator
		{D7DFC992-670C-42D8-B531-7FEFF43535A5}.Release|iPhoneSimulator.Build.0 = Release|iPhoneSimulator
		{D7DFC992-670C-42D8-B531-7FEFF43535A5}.Release|iPhoneSimulator.Deploy.0 = Release|iPhoneSimulator
		{97C352C2-8CE1-4E7D-8CFF-9FFFBAE71093}.Ad-Hoc|Any CPU.ActiveCfg = Debug|Any CPU
		{97C352C2-8CE1-4E7D-8CFF-9FFFBAE71093}.Ad-Hoc|Any CPU.Build.0 = Debug|Any CPU
		{97C352C2-8CE1-4E7D-8CFF-9FFFBAE71093}.Ad-Hoc|Any CPU.Deploy.0 = Debug|Any CPU
		{97C352C2-8CE1-4E7D-8CFF-9FFFBAE71093}.Ad-Hoc|iPhone.ActiveCfg = Debug|Any CPU
		{97C352C2-8CE1-4E7D-8CFF-9FFFBAE71093}.Ad-Hoc|iPhone.Build.0 = Debug|Any CPU
		{97C352C2-8CE1-4E7D-8CFF-9FFFBAE71093}.Ad-Hoc|iPhone.Deploy.0 = Debug|Any CPU
		{97C352C2-8CE1-4E7D-8CFF-9FFFBAE71093}.Ad-Hoc|iPhoneSimulator.ActiveCfg = Debug|Any CPU
		{97C352C2-8CE1-4E7D-8CFF-9FFFBAE71093}.Ad-Hoc|iPhoneSimulator.Build.0 = Debug|Any CPU
		{97C352C2-8CE1-4E7D-8CFF-9FFFBAE71093}.Ad-Hoc|iPhoneSimulator.Deploy.0 = Debug|Any CPU
		{97C352C2-8CE1-4E7D-8CFF-9FFFBAE71093}.AppStore|Any CPU.ActiveCfg = Debug|Any CPU
		{97C352C2-8CE1-4E7D-8CFF-9FFFBAE71093}.AppStore|Any CPU.Build.0 = Debug|Any CPU
		{97C352C2-8CE1-4E7D-8CFF-9FFFBAE71093}.AppStore|Any CPU.Deploy.0 = Debug|Any CPU
		{97C352C2-8CE1-4E7D-8CFF-9FFFBAE71093}.AppStore|iPhone.ActiveCfg = Debug|Any CPU
		{97C352C2-8CE1-4E7D-8CFF-9FFFBAE71093}.AppStore|iPhone.Build.0 = Debug|Any CPU
		{97C352C2-8CE1-4E7D-8CFF-9FFFBAE71093}.AppStore|iPhone.Deploy.0 = Debug|Any CPU
		{97C352C2-8CE1-4E7D-8CFF-9FFFBAE71093}.AppStore|iPhoneSimulator.ActiveCfg = Debug|Any CPU
		{97C352C2-8CE1-4E7D-8CFF-9FFFBAE71093}.AppStore|iPhoneSimulator.Build.0 = Debug|Any CPU
		{97C352C2-8CE1-4E7D-8CFF-9FFFBAE71093}.AppStore|iPhoneSimulator.Deploy.0 = Debug|Any CPU
		{97C352C2-8CE1-4E7D-8CFF-9FFFBAE71093}.Debug|Any CPU.ActiveCfg = Debug|Any CPU
		{97C352C2-8CE1-4E7D-8CFF-9FFFBAE71093}.Debug|Any CPU.Build.0 = Debug|Any CPU
		{97C352C2-8CE1-4E7D-8CFF-9FFFBAE71093}.Debug|Any CPU.Deploy.0 = Debug|Any CPU
		{97C352C2-8CE1-4E7D-8CFF-9FFFBAE71093}.Debug|iPhone.ActiveCfg = Debug|Any CPU
		{97C352C2-8CE1-4E7D-8CFF-9FFFBAE71093}.Debug|iPhone.Build.0 = Debug|Any CPU
		{97C352C2-8CE1-4E7D-8CFF-9FFFBAE71093}.Debug|iPhone.Deploy.0 = Debug|Any CPU
		{97C352C2-8CE1-4E7D-8CFF-9FFFBAE71093}.Debug|iPhoneSimulator.ActiveCfg = Debug|Any CPU
		{97C352C2-8CE1-4E7D-8CFF-9FFFBAE71093}.Debug|iPhoneSimulator.Build.0 = Debug|Any CPU
		{97C352C2-8CE1-4E7D-8CFF-9FFFBAE71093}.Debug|iPhoneSimulator.Deploy.0 = Debug|Any CPU
		{97C352C2-8CE1-4E7D-8CFF-9FFFBAE71093}.Release|Any CPU.ActiveCfg = Release|Any CPU
		{97C352C2-8CE1-4E7D-8CFF-9FFFBAE71093}.Release|Any CPU.Build.0 = Release|Any CPU
		{97C352C2-8CE1-4E7D-8CFF-9FFFBAE71093}.Release|Any CPU.Deploy.0 = Release|Any CPU
		{97C352C2-8CE1-4E7D-8CFF-9FFFBAE71093}.Release|iPhone.ActiveCfg = Release|Any CPU
		{97C352C2-8CE1-4E7D-8CFF-9FFFBAE71093}.Release|iPhone.Build.0 = Release|Any CPU
		{97C352C2-8CE1-4E7D-8CFF-9FFFBAE71093}.Release|iPhone.Deploy.0 = Release|Any CPU
		{97C352C2-8CE1-4E7D-8CFF-9FFFBAE71093}.Release|iPhoneSimulator.ActiveCfg = Release|Any CPU
		{97C352C2-8CE1-4E7D-8CFF-9FFFBAE71093}.Release|iPhoneSimulator.Build.0 = Release|Any CPU
		{97C352C2-8CE1-4E7D-8CFF-9FFFBAE71093}.Release|iPhoneSimulator.Deploy.0 = Release|Any CPU
		{B9B2A450-5B0F-4B2F-B0A1-F4E7B8824990}.Ad-Hoc|Any CPU.ActiveCfg = Release|Any CPU
		{B9B2A450-5B0F-4B2F-B0A1-F4E7B8824990}.Ad-Hoc|Any CPU.Build.0 = Release|Any CPU
		{B9B2A450-5B0F-4B2F-B0A1-F4E7B8824990}.Ad-Hoc|iPhone.ActiveCfg = Release|Any CPU
		{B9B2A450-5B0F-4B2F-B0A1-F4E7B8824990}.Ad-Hoc|iPhone.Build.0 = Release|Any CPU
		{B9B2A450-5B0F-4B2F-B0A1-F4E7B8824990}.Ad-Hoc|iPhoneSimulator.ActiveCfg = Release|Any CPU
		{B9B2A450-5B0F-4B2F-B0A1-F4E7B8824990}.Ad-Hoc|iPhoneSimulator.Build.0 = Release|Any CPU
		{B9B2A450-5B0F-4B2F-B0A1-F4E7B8824990}.AppStore|Any CPU.ActiveCfg = Release|Any CPU
		{B9B2A450-5B0F-4B2F-B0A1-F4E7B8824990}.AppStore|Any CPU.Build.0 = Release|Any CPU
		{B9B2A450-5B0F-4B2F-B0A1-F4E7B8824990}.AppStore|iPhone.ActiveCfg = Release|Any CPU
		{B9B2A450-5B0F-4B2F-B0A1-F4E7B8824990}.AppStore|iPhone.Build.0 = Release|Any CPU
		{B9B2A450-5B0F-4B2F-B0A1-F4E7B8824990}.AppStore|iPhoneSimulator.ActiveCfg = Release|Any CPU
		{B9B2A450-5B0F-4B2F-B0A1-F4E7B8824990}.AppStore|iPhoneSimulator.Build.0 = Release|Any CPU
		{B9B2A450-5B0F-4B2F-B0A1-F4E7B8824990}.Debug|Any CPU.ActiveCfg = Debug|Any CPU
		{B9B2A450-5B0F-4B2F-B0A1-F4E7B8824990}.Debug|Any CPU.Build.0 = Debug|Any CPU
		{B9B2A450-5B0F-4B2F-B0A1-F4E7B8824990}.Debug|iPhone.ActiveCfg = Debug|Any CPU
		{B9B2A450-5B0F-4B2F-B0A1-F4E7B8824990}.Debug|iPhone.Build.0 = Debug|Any CPU
		{B9B2A450-5B0F-4B2F-B0A1-F4E7B8824990}.Debug|iPhoneSimulator.ActiveCfg = Debug|Any CPU
		{B9B2A450-5B0F-4B2F-B0A1-F4E7B8824990}.Debug|iPhoneSimulator.Build.0 = Debug|Any CPU
		{B9B2A450-5B0F-4B2F-B0A1-F4E7B8824990}.Release|Any CPU.ActiveCfg = Release|Any CPU
		{B9B2A450-5B0F-4B2F-B0A1-F4E7B8824990}.Release|Any CPU.Build.0 = Release|Any CPU
		{B9B2A450-5B0F-4B2F-B0A1-F4E7B8824990}.Release|iPhone.ActiveCfg = Release|Any CPU
		{B9B2A450-5B0F-4B2F-B0A1-F4E7B8824990}.Release|iPhone.Build.0 = Release|Any CPU
		{B9B2A450-5B0F-4B2F-B0A1-F4E7B8824990}.Release|iPhoneSimulator.ActiveCfg = Release|Any CPU
		{B9B2A450-5B0F-4B2F-B0A1-F4E7B8824990}.Release|iPhoneSimulator.Build.0 = Release|Any CPU
		{15316FD7-7009-49A4-9DA8-ECFA22E3669D}.Ad-Hoc|Any CPU.ActiveCfg = Release|Any CPU
		{15316FD7-7009-49A4-9DA8-ECFA22E3669D}.Ad-Hoc|Any CPU.Build.0 = Release|Any CPU
		{15316FD7-7009-49A4-9DA8-ECFA22E3669D}.Ad-Hoc|iPhone.ActiveCfg = Release|Any CPU
		{15316FD7-7009-49A4-9DA8-ECFA22E3669D}.Ad-Hoc|iPhone.Build.0 = Release|Any CPU
		{15316FD7-7009-49A4-9DA8-ECFA22E3669D}.Ad-Hoc|iPhoneSimulator.ActiveCfg = Release|Any CPU
		{15316FD7-7009-49A4-9DA8-ECFA22E3669D}.Ad-Hoc|iPhoneSimulator.Build.0 = Release|Any CPU
		{15316FD7-7009-49A4-9DA8-ECFA22E3669D}.AppStore|Any CPU.ActiveCfg = Release|Any CPU
		{15316FD7-7009-49A4-9DA8-ECFA22E3669D}.AppStore|Any CPU.Build.0 = Release|Any CPU
		{15316FD7-7009-49A4-9DA8-ECFA22E3669D}.AppStore|iPhone.ActiveCfg = Release|Any CPU
		{15316FD7-7009-49A4-9DA8-ECFA22E3669D}.AppStore|iPhone.Build.0 = Release|Any CPU
		{15316FD7-7009-49A4-9DA8-ECFA22E3669D}.AppStore|iPhoneSimulator.ActiveCfg = Release|Any CPU
		{15316FD7-7009-49A4-9DA8-ECFA22E3669D}.AppStore|iPhoneSimulator.Build.0 = Release|Any CPU
		{15316FD7-7009-49A4-9DA8-ECFA22E3669D}.Debug|Any CPU.ActiveCfg = Debug|Any CPU
		{15316FD7-7009-49A4-9DA8-ECFA22E3669D}.Debug|Any CPU.Build.0 = Debug|Any CPU
		{15316FD7-7009-49A4-9DA8-ECFA22E3669D}.Debug|iPhone.ActiveCfg = Debug|Any CPU
		{15316FD7-7009-49A4-9DA8-ECFA22E3669D}.Debug|iPhone.Build.0 = Debug|Any CPU
		{15316FD7-7009-49A4-9DA8-ECFA22E3669D}.Debug|iPhoneSimulator.ActiveCfg = Debug|Any CPU
		{15316FD7-7009-49A4-9DA8-ECFA22E3669D}.Debug|iPhoneSimulator.Build.0 = Debug|Any CPU
		{15316FD7-7009-49A4-9DA8-ECFA22E3669D}.Release|Any CPU.ActiveCfg = Release|Any CPU
		{15316FD7-7009-49A4-9DA8-ECFA22E3669D}.Release|Any CPU.Build.0 = Release|Any CPU
		{15316FD7-7009-49A4-9DA8-ECFA22E3669D}.Release|iPhone.ActiveCfg = Release|Any CPU
		{15316FD7-7009-49A4-9DA8-ECFA22E3669D}.Release|iPhone.Build.0 = Release|Any CPU
		{15316FD7-7009-49A4-9DA8-ECFA22E3669D}.Release|iPhoneSimulator.ActiveCfg = Release|Any CPU
		{15316FD7-7009-49A4-9DA8-ECFA22E3669D}.Release|iPhoneSimulator.Build.0 = Release|Any CPU
		{2DD1D16F-B555-4DD2-B2B0-9B92A9E3EEC1}.Ad-Hoc|Any CPU.ActiveCfg = Release|Any CPU
		{2DD1D16F-B555-4DD2-B2B0-9B92A9E3EEC1}.Ad-Hoc|Any CPU.Build.0 = Release|Any CPU
		{2DD1D16F-B555-4DD2-B2B0-9B92A9E3EEC1}.Ad-Hoc|iPhone.ActiveCfg = Release|Any CPU
		{2DD1D16F-B555-4DD2-B2B0-9B92A9E3EEC1}.Ad-Hoc|iPhone.Build.0 = Release|Any CPU
		{2DD1D16F-B555-4DD2-B2B0-9B92A9E3EEC1}.Ad-Hoc|iPhoneSimulator.ActiveCfg = Release|Any CPU
		{2DD1D16F-B555-4DD2-B2B0-9B92A9E3EEC1}.Ad-Hoc|iPhoneSimulator.Build.0 = Release|Any CPU
		{2DD1D16F-B555-4DD2-B2B0-9B92A9E3EEC1}.AppStore|Any CPU.ActiveCfg = Release|Any CPU
		{2DD1D16F-B555-4DD2-B2B0-9B92A9E3EEC1}.AppStore|Any CPU.Build.0 = Release|Any CPU
		{2DD1D16F-B555-4DD2-B2B0-9B92A9E3EEC1}.AppStore|iPhone.ActiveCfg = Release|Any CPU
		{2DD1D16F-B555-4DD2-B2B0-9B92A9E3EEC1}.AppStore|iPhone.Build.0 = Release|Any CPU
		{2DD1D16F-B555-4DD2-B2B0-9B92A9E3EEC1}.AppStore|iPhoneSimulator.ActiveCfg = Release|Any CPU
		{2DD1D16F-B555-4DD2-B2B0-9B92A9E3EEC1}.AppStore|iPhoneSimulator.Build.0 = Release|Any CPU
		{2DD1D16F-B555-4DD2-B2B0-9B92A9E3EEC1}.Debug|Any CPU.ActiveCfg = Debug|Any CPU
		{2DD1D16F-B555-4DD2-B2B0-9B92A9E3EEC1}.Debug|Any CPU.Build.0 = Debug|Any CPU
		{2DD1D16F-B555-4DD2-B2B0-9B92A9E3EEC1}.Debug|iPhone.ActiveCfg = Debug|Any CPU
		{2DD1D16F-B555-4DD2-B2B0-9B92A9E3EEC1}.Debug|iPhone.Build.0 = Debug|Any CPU
		{2DD1D16F-B555-4DD2-B2B0-9B92A9E3EEC1}.Debug|iPhoneSimulator.ActiveCfg = Debug|Any CPU
		{2DD1D16F-B555-4DD2-B2B0-9B92A9E3EEC1}.Debug|iPhoneSimulator.Build.0 = Debug|Any CPU
		{2DD1D16F-B555-4DD2-B2B0-9B92A9E3EEC1}.Release|Any CPU.ActiveCfg = Release|Any CPU
		{2DD1D16F-B555-4DD2-B2B0-9B92A9E3EEC1}.Release|Any CPU.Build.0 = Release|Any CPU
		{2DD1D16F-B555-4DD2-B2B0-9B92A9E3EEC1}.Release|iPhone.ActiveCfg = Release|Any CPU
		{2DD1D16F-B555-4DD2-B2B0-9B92A9E3EEC1}.Release|iPhone.Build.0 = Release|Any CPU
		{2DD1D16F-B555-4DD2-B2B0-9B92A9E3EEC1}.Release|iPhoneSimulator.ActiveCfg = Release|Any CPU
		{2DD1D16F-B555-4DD2-B2B0-9B92A9E3EEC1}.Release|iPhoneSimulator.Build.0 = Release|Any CPU
		{27A4E5CF-CD7D-49E2-B733-FB35AA96CEF3}.Ad-Hoc|Any CPU.ActiveCfg = Release|Any CPU
		{27A4E5CF-CD7D-49E2-B733-FB35AA96CEF3}.Ad-Hoc|Any CPU.Build.0 = Release|Any CPU
		{27A4E5CF-CD7D-49E2-B733-FB35AA96CEF3}.Ad-Hoc|iPhone.ActiveCfg = Release|Any CPU
		{27A4E5CF-CD7D-49E2-B733-FB35AA96CEF3}.Ad-Hoc|iPhone.Build.0 = Release|Any CPU
		{27A4E5CF-CD7D-49E2-B733-FB35AA96CEF3}.Ad-Hoc|iPhoneSimulator.ActiveCfg = Release|Any CPU
		{27A4E5CF-CD7D-49E2-B733-FB35AA96CEF3}.Ad-Hoc|iPhoneSimulator.Build.0 = Release|Any CPU
		{27A4E5CF-CD7D-49E2-B733-FB35AA96CEF3}.AppStore|Any CPU.ActiveCfg = Release|Any CPU
		{27A4E5CF-CD7D-49E2-B733-FB35AA96CEF3}.AppStore|Any CPU.Build.0 = Release|Any CPU
		{27A4E5CF-CD7D-49E2-B733-FB35AA96CEF3}.AppStore|iPhone.ActiveCfg = Release|Any CPU
		{27A4E5CF-CD7D-49E2-B733-FB35AA96CEF3}.AppStore|iPhone.Build.0 = Release|Any CPU
		{27A4E5CF-CD7D-49E2-B733-FB35AA96CEF3}.AppStore|iPhoneSimulator.ActiveCfg = Release|Any CPU
		{27A4E5CF-CD7D-49E2-B733-FB35AA96CEF3}.AppStore|iPhoneSimulator.Build.0 = Release|Any CPU
		{27A4E5CF-CD7D-49E2-B733-FB35AA96CEF3}.Debug|Any CPU.ActiveCfg = Debug|Any CPU
		{27A4E5CF-CD7D-49E2-B733-FB35AA96CEF3}.Debug|Any CPU.Build.0 = Debug|Any CPU
		{27A4E5CF-CD7D-49E2-B733-FB35AA96CEF3}.Debug|iPhone.ActiveCfg = Debug|Any CPU
		{27A4E5CF-CD7D-49E2-B733-FB35AA96CEF3}.Debug|iPhone.Build.0 = Debug|Any CPU
		{27A4E5CF-CD7D-49E2-B733-FB35AA96CEF3}.Debug|iPhoneSimulator.ActiveCfg = Debug|Any CPU
		{27A4E5CF-CD7D-49E2-B733-FB35AA96CEF3}.Debug|iPhoneSimulator.Build.0 = Debug|Any CPU
		{27A4E5CF-CD7D-49E2-B733-FB35AA96CEF3}.Release|Any CPU.ActiveCfg = Release|Any CPU
		{27A4E5CF-CD7D-49E2-B733-FB35AA96CEF3}.Release|Any CPU.Build.0 = Release|Any CPU
		{27A4E5CF-CD7D-49E2-B733-FB35AA96CEF3}.Release|iPhone.ActiveCfg = Release|Any CPU
		{27A4E5CF-CD7D-49E2-B733-FB35AA96CEF3}.Release|iPhone.Build.0 = Release|Any CPU
		{27A4E5CF-CD7D-49E2-B733-FB35AA96CEF3}.Release|iPhoneSimulator.ActiveCfg = Release|Any CPU
		{27A4E5CF-CD7D-49E2-B733-FB35AA96CEF3}.Release|iPhoneSimulator.Build.0 = Release|Any CPU
	EndGlobalSection
	GlobalSection(SolutionProperties) = preSolution
		HideSolutionNode = FALSE
	EndGlobalSection
	GlobalSection(ExtensibilityGlobals) = postSolution
		SolutionGuid = {01E29645-865A-43E2-94E4-0DBF9F931D2B}
	EndGlobalSection
EndGlobal
